// !$*UTF8*$!
{
	archiveVersion = 1;
	classes = {
	};
	objectVersion = 77;
	objects = {

/* Begin PBXBuildFile section */
		ACE6D28F2EB3056D005C56CD /* Testing.framework in Frameworks */ = {isa = PBXBuildFile; fileRef = ACE6D2832EB2AF91005C56CD /* Testing.framework */; platformFilter = ios; };
		ACE6D2902EB3056D005C56CD /* Testing.framework in Embed Frameworks */ = {isa = PBXBuildFile; fileRef = ACE6D2832EB2AF91005C56CD /* Testing.framework */; settings = {ATTRIBUTES = (CodeSignOnCopy, RemoveHeadersOnCopy, ); }; };
		FCE7C97D201AE26902805224 /* Pods_Cooking_App.framework in Frameworks */ = {isa = PBXBuildFile; fileRef = B08374A5F080D99118950986 /* Pods_Cooking_App.framework */; };
/* End PBXBuildFile section */

/* Begin PBXContainerItemProxy section */
		ACE6D2502EB29965005C56CD /* PBXContainerItemProxy */ = {
			isa = PBXContainerItemProxy;
			containerPortal = ACE6D2102EB2526E005C56CD /* Project object */;
			proxyType = 1;
			remoteGlobalIDString = ACE6D2172EB2526E005C56CD;
			remoteInfo = "Cooking App";
		};
		ACE6D25D2EB299FA005C56CD /* PBXContainerItemProxy */ = {
			isa = PBXContainerItemProxy;
			containerPortal = ACE6D2102EB2526E005C56CD /* Project object */;
			proxyType = 1;
			remoteGlobalIDString = ACE6D2172EB2526E005C56CD;
			remoteInfo = "Cooking App";
		};
/* End PBXContainerItemProxy section */

/* Begin PBXCopyFilesBuildPhase section */
		ACE6D2912EB3056D005C56CD /* Embed Frameworks */ = {
			isa = PBXCopyFilesBuildPhase;
			buildActionMask = 2147483647;
			dstPath = "";
			dstSubfolderSpec = 10;
			files = (
				ACE6D2902EB3056D005C56CD /* Testing.framework in Embed Frameworks */,
			);
			name = "Embed Frameworks";
			runOnlyForDeploymentPostprocessing = 0;
		};
/* End PBXCopyFilesBuildPhase section */

/* Begin PBXFileReference section */
		946897E8EDBEA27A08129918 /* Pods-Cooking App.debug.xcconfig */ = {isa = PBXFileReference; includeInIndex = 1; lastKnownFileType = text.xcconfig; name = "Pods-Cooking App.debug.xcconfig"; path = "Target Support Files/Pods-Cooking App/Pods-Cooking App.debug.xcconfig"; sourceTree = "<group>"; };
		AC1F041F2ED604ED00776F87 /* Cooking App.xctestplan */ = {isa = PBXFileReference; lastKnownFileType = text; path = "Cooking App.xctestplan"; sourceTree = "<group>"; };
		ACE6D2182EB2526E005C56CD /* Cooking App.app */ = {isa = PBXFileReference; explicitFileType = wrapper.application; includeInIndex = 0; path = "Cooking App.app"; sourceTree = BUILT_PRODUCTS_DIR; };
		ACE6D24A2EB29964005C56CD /* Cooking AppUITests.xctest */ = {isa = PBXFileReference; explicitFileType = wrapper.cfbundle; includeInIndex = 0; path = "Cooking AppUITests.xctest"; sourceTree = BUILT_PRODUCTS_DIR; };
		ACE6D2592EB299FA005C56CD /* Cooking App Tests.xctest */ = {isa = PBXFileReference; explicitFileType = wrapper.cfbundle; includeInIndex = 0; path = "Cooking App Tests.xctest"; sourceTree = BUILT_PRODUCTS_DIR; };
		ACE6D2832EB2AF91005C56CD /* Testing.framework */ = {isa = PBXFileReference; lastKnownFileType = wrapper.framework; name = Testing.framework; path = Platforms/iPhoneOS.platform/Developer/Library/Frameworks/Testing.framework; sourceTree = DEVELOPER_DIR; };
		B08374A5F080D99118950986 /* Pods_Cooking_App.framework */ = {isa = PBXFileReference; explicitFileType = wrapper.framework; includeInIndex = 0; path = Pods_Cooking_App.framework; sourceTree = BUILT_PRODUCTS_DIR; };
		B1C0D31CB86F1DDBB6E4255A /* Pods-Cooking App.release.xcconfig */ = {isa = PBXFileReference; includeInIndex = 1; lastKnownFileType = text.xcconfig; name = "Pods-Cooking App.release.xcconfig"; path = "Target Support Files/Pods-Cooking App/Pods-Cooking App.release.xcconfig"; sourceTree = "<group>"; };
		F0D9A1B12F00000100000001 /* Cooking App/cooking_assistant.task */ = {isa = PBXFileReference; lastKnownFileType = file; path = "Cooking App/cooking_assistant.task"; sourceTree = "<group>"; };
/* End PBXFileReference section */

/* Begin PBXFileSystemSynchronizedRootGroup section */
		ACE6D21A2EB2526E005C56CD /* Cooking App */ = {
			isa = PBXFileSystemSynchronizedRootGroup;
			path = "Cooking App";
			sourceTree = "<group>";
		};
		ACE6D2282EB2765D005C56CD /* docs */ = {
			isa = PBXFileSystemSynchronizedRootGroup;
			path = docs;
			sourceTree = "<group>";
		};
		ACE6D24B2EB29965005C56CD /* Cooking AppUITests */ = {
			isa = PBXFileSystemSynchronizedRootGroup;
			path = "Cooking AppUITests";
			sourceTree = "<group>";
		};
		ACE6D25A2EB299FA005C56CD /* Cooking App Tests */ = {
			isa = PBXFileSystemSynchronizedRootGroup;
			path = "Cooking App Tests";
			sourceTree = "<group>";
		};
/* End PBXFileSystemSynchronizedRootGroup section */

/* Begin PBXFrameworksBuildPhase section */
		ACE6D2152EB2526E005C56CD /* Frameworks */ = {
			isa = PBXFrameworksBuildPhase;
			buildActionMask = 2147483647;
			files = (
				FCE7C97D201AE26902805224 /* Pods_Cooking_App.framework in Frameworks */,
			);
			runOnlyForDeploymentPostprocessing = 0;
		};
		ACE6D2472EB29964005C56CD /* Frameworks */ = {
			isa = PBXFrameworksBuildPhase;
			buildActionMask = 2147483647;
			files = (
			);
			runOnlyForDeploymentPostprocessing = 0;
		};
		ACE6D2562EB299FA005C56CD /* Frameworks */ = {
			isa = PBXFrameworksBuildPhase;
			buildActionMask = 2147483647;
			files = (
				ACE6D28F2EB3056D005C56CD /* Testing.framework in Frameworks */,
			);
			runOnlyForDeploymentPostprocessing = 0;
		};
/* End PBXFrameworksBuildPhase section */

/* Begin PBXGroup section */
		4AA2CC6450E2F0D7412EFF80 /* Pods */ = {
			isa = PBXGroup;
			children = (
				946897E8EDBEA27A08129918 /* Pods-Cooking App.debug.xcconfig */,
				B1C0D31CB86F1DDBB6E4255A /* Pods-Cooking App.release.xcconfig */,
			);
			path = Pods;
			sourceTree = "<group>";
		};
		AC4319F42ED616A800E97BD1 /* Recovered References */ = {
			isa = PBXGroup;
			children = (
				F0D9A1B12F00000100000001 /* Cooking App/cooking_assistant.task */,
			);
			name = "Recovered References";
			sourceTree = "<group>";
		};
		ACE6D20F2EB2526E005C56CD = {
			isa = PBXGroup;
			children = (
				AC1F041F2ED604ED00776F87 /* Cooking App.xctestplan */,
				ACE6D2282EB2765D005C56CD /* docs */,
				ACE6D21A2EB2526E005C56CD /* Cooking App */,
				ACE6D24B2EB29965005C56CD /* Cooking AppUITests */,
				ACE6D25A2EB299FA005C56CD /* Cooking App Tests */,
				ACE6D2822EB2AF91005C56CD /* Frameworks */,
				ACE6D2192EB2526E005C56CD /* Products */,
				4AA2CC6450E2F0D7412EFF80 /* Pods */,
				AC4319F42ED616A800E97BD1 /* Recovered References */,
			);
			sourceTree = "<group>";
		};
		ACE6D2192EB2526E005C56CD /* Products */ = {
			isa = PBXGroup;
			children = (
				ACE6D2182EB2526E005C56CD /* Cooking App.app */,
				ACE6D24A2EB29964005C56CD /* Cooking AppUITests.xctest */,
				ACE6D2592EB299FA005C56CD /* Cooking App Tests.xctest */,
			);
			name = Products;
			sourceTree = "<group>";
		};
		ACE6D2822EB2AF91005C56CD /* Frameworks */ = {
			isa = PBXGroup;
			children = (
				ACE6D2832EB2AF91005C56CD /* Testing.framework */,
				B08374A5F080D99118950986 /* Pods_Cooking_App.framework */,
			);
			name = Frameworks;
			sourceTree = "<group>";
		};
/* End PBXGroup section */

/* Begin PBXNativeTarget section */
		ACE6D2172EB2526E005C56CD /* Cooking App */ = {
			isa = PBXNativeTarget;
			buildConfigurationList = ACE6D2232EB25270005C56CD /* Build configuration list for PBXNativeTarget "Cooking App" */;
			buildPhases = (
				0F1B2E43A823C9C4FDB35A3A /* [CP] Check Pods Manifest.lock */,
				ACE6D2142EB2526E005C56CD /* Sources */,
				ACE6D2152EB2526E005C56CD /* Frameworks */,
				ACE6D2162EB2526E005C56CD /* Resources */,
			);
			buildRules = (
			);
			dependencies = (
			);
			fileSystemSynchronizedGroups = (
				ACE6D21A2EB2526E005C56CD /* Cooking App */,
				ACE6D2282EB2765D005C56CD /* docs */,
			);
			name = "Cooking App";
			productName = "Cooking App";
			productReference = ACE6D2182EB2526E005C56CD /* Cooking App.app */;
			productType = "com.apple.product-type.application";
		};
		ACE6D2492EB29964005C56CD /* Cooking AppUITests */ = {
			isa = PBXNativeTarget;
			buildConfigurationList = ACE6D2522EB29965005C56CD /* Build configuration list for PBXNativeTarget "Cooking AppUITests" */;
			buildPhases = (
				ACE6D2462EB29964005C56CD /* Sources */,
				ACE6D2472EB29964005C56CD /* Frameworks */,
				ACE6D2482EB29964005C56CD /* Resources */,
			);
			buildRules = (
			);
			dependencies = (
				ACE6D2512EB29965005C56CD /* PBXTargetDependency */,
			);
			fileSystemSynchronizedGroups = (
				ACE6D24B2EB29965005C56CD /* Cooking AppUITests */,
			);
			name = "Cooking AppUITests";
			productName = "Cooking AppUITests";
			productReference = ACE6D24A2EB29964005C56CD /* Cooking AppUITests.xctest */;
			productType = "com.apple.product-type.bundle.ui-testing";
		};
		ACE6D2582EB299FA005C56CD /* Cooking App Tests */ = {
			isa = PBXNativeTarget;
			buildConfigurationList = ACE6D25F2EB299FA005C56CD /* Build configuration list for PBXNativeTarget "Cooking App Tests" */;
			buildPhases = (
				ACE6D2552EB299FA005C56CD /* Sources */,
				ACE6D2562EB299FA005C56CD /* Frameworks */,
				ACE6D2572EB299FA005C56CD /* Resources */,
				ACE6D2912EB3056D005C56CD /* Embed Frameworks */,
			);
			buildRules = (
			);
			dependencies = (
				ACE6D25E2EB299FA005C56CD /* PBXTargetDependency */,
			);
			fileSystemSynchronizedGroups = (
				ACE6D25A2EB299FA005C56CD /* Cooking App Tests */,
			);
			name = "Cooking App Tests";
			productName = "Cooking App Tests";
			productReference = ACE6D2592EB299FA005C56CD /* Cooking App Tests.xctest */;
			productType = "com.apple.product-type.bundle.unit-test";
		};
/* End PBXNativeTarget section */

/* Begin PBXProject section */
		ACE6D2102EB2526E005C56CD /* Project object */ = {
			isa = PBXProject;
			attributes = {
				BuildIndependentTargetsInParallel = 1;
				LastSwiftUpdateCheck = 2600;
				LastUpgradeCheck = 2600;
				TargetAttributes = {
					ACE6D2172EB2526E005C56CD = {
						CreatedOnToolsVersion = 26.0.1;
					};
					ACE6D2492EB29964005C56CD = {
						CreatedOnToolsVersion = 26.0.1;
						TestTargetID = ACE6D2172EB2526E005C56CD;
					};
					ACE6D2582EB299FA005C56CD = {
						CreatedOnToolsVersion = 26.0.1;
						TestTargetID = ACE6D2172EB2526E005C56CD;
					};
				};
			};
			buildConfigurationList = ACE6D2132EB2526E005C56CD /* Build configuration list for PBXProject "Cooking App" */;
			developmentRegion = en;
			hasScannedForEncodings = 0;
			knownRegions = (
				en,
				Base,
			);
			mainGroup = ACE6D20F2EB2526E005C56CD;
			minimizedProjectReferenceProxies = 1;
			preferredProjectObjectVersion = 77;
			productRefGroup = ACE6D2192EB2526E005C56CD /* Products */;
			projectDirPath = "";
			projectRoot = "";
			targets = (
				ACE6D2172EB2526E005C56CD /* Cooking App */,
				ACE6D2492EB29964005C56CD /* Cooking AppUITests */,
				ACE6D2582EB299FA005C56CD /* Cooking App Tests */,
			);
		};
/* End PBXProject section */

/* Begin PBXResourcesBuildPhase section */
		ACE6D2162EB2526E005C56CD /* Resources */ = {
			isa = PBXResourcesBuildPhase;
			buildActionMask = 2147483647;
			files = (
			);
			runOnlyForDeploymentPostprocessing = 0;
		};
		ACE6D2482EB29964005C56CD /* Resources */ = {
			isa = PBXResourcesBuildPhase;
			buildActionMask = 2147483647;
			files = (
			);
			runOnlyForDeploymentPostprocessing = 0;
		};
		ACE6D2572EB299FA005C56CD /* Resources */ = {
			isa = PBXResourcesBuildPhase;
			buildActionMask = 2147483647;
			files = (
			);
			runOnlyForDeploymentPostprocessing = 0;
		};
/* End PBXResourcesBuildPhase section */

/* Begin PBXShellScriptBuildPhase section */
		0F1B2E43A823C9C4FDB35A3A /* [CP] Check Pods Manifest.lock */ = {
			isa = PBXShellScriptBuildPhase;
			buildActionMask = 2147483647;
			files = (
			);
			inputFileListPaths = (
			);
			inputPaths = (
				"${PODS_PODFILE_DIR_PATH}/Podfile.lock",
				"${PODS_ROOT}/Manifest.lock",
			);
			name = "[CP] Check Pods Manifest.lock";
			outputFileListPaths = (
			);
			outputPaths = (
				"$(DERIVED_FILE_DIR)/Pods-Cooking App-checkManifestLockResult.txt",
			);
			runOnlyForDeploymentPostprocessing = 0;
			shellPath = /bin/sh;
			shellScript = "diff \"${PODS_PODFILE_DIR_PATH}/Podfile.lock\" \"${PODS_ROOT}/Manifest.lock\" > /dev/null\nif [ $? != 0 ] ; then\n    # print error to STDERR\n    echo \"error: The sandbox is not in sync with the Podfile.lock. Run 'pod install' or update your CocoaPods installation.\" >&2\n    exit 1\nfi\n# This output is used by Xcode 'outputs' to avoid re-running this script phase.\necho \"SUCCESS\" > \"${SCRIPT_OUTPUT_FILE_0}\"\n";
			showEnvVarsInLog = 0;
		};
/* End PBXShellScriptBuildPhase section */

/* Begin PBXSourcesBuildPhase section */
		ACE6D2142EB2526E005C56CD /* Sources */ = {
			isa = PBXSourcesBuildPhase;
			buildActionMask = 2147483647;
			files = (
			);
			runOnlyForDeploymentPostprocessing = 0;
		};
		ACE6D2462EB29964005C56CD /* Sources */ = {
			isa = PBXSourcesBuildPhase;
			buildActionMask = 2147483647;
			files = (
			);
			runOnlyForDeploymentPostprocessing = 0;
		};
		ACE6D2552EB299FA005C56CD /* Sources */ = {
			isa = PBXSourcesBuildPhase;
			buildActionMask = 2147483647;
			files = (
			);
			runOnlyForDeploymentPostprocessing = 0;
		};
/* End PBXSourcesBuildPhase section */

/* Begin PBXTargetDependency section */
		ACE6D2512EB29965005C56CD /* PBXTargetDependency */ = {
			isa = PBXTargetDependency;
			target = ACE6D2172EB2526E005C56CD /* Cooking App */;
			targetProxy = ACE6D2502EB29965005C56CD /* PBXContainerItemProxy */;
		};
		ACE6D25E2EB299FA005C56CD /* PBXTargetDependency */ = {
			isa = PBXTargetDependency;
			target = ACE6D2172EB2526E005C56CD /* Cooking App */;
			targetProxy = ACE6D25D2EB299FA005C56CD /* PBXContainerItemProxy */;
		};
/* End PBXTargetDependency section */

/* Begin XCBuildConfiguration section */
		ACE6D2212EB25270005C56CD /* Debug */ = {
			isa = XCBuildConfiguration;
			buildSettings = {
				ALWAYS_SEARCH_USER_PATHS = NO;
				ASSETCATALOG_COMPILER_GENERATE_SWIFT_ASSET_SYMBOL_EXTENSIONS = YES;
				CLANG_ANALYZER_NONNULL = YES;
				CLANG_ANALYZER_NUMBER_OBJECT_CONVERSION = YES_AGGRESSIVE;
				CLANG_CXX_LANGUAGE_STANDARD = "gnu++20";
				CLANG_ENABLE_MODULES = YES;
				CLANG_ENABLE_OBJC_ARC = YES;
				CLANG_ENABLE_OBJC_WEAK = YES;
				CLANG_WARN_BLOCK_CAPTURE_AUTORELEASING = YES;
				CLANG_WARN_BOOL_CONVERSION = YES;
				CLANG_WARN_COMMA = YES;
				CLANG_WARN_CONSTANT_CONVERSION = YES;
				CLANG_WARN_DEPRECATED_OBJC_IMPLEMENTATIONS = YES;
				CLANG_WARN_DIRECT_OBJC_ISA_USAGE = YES_ERROR;
				CLANG_WARN_DOCUMENTATION_COMMENTS = YES;
				CLANG_WARN_EMPTY_BODY = YES;
				CLANG_WARN_ENUM_CONVERSION = YES;
				CLANG_WARN_INFINITE_RECURSION = YES;
				CLANG_WARN_INT_CONVERSION = YES;
				CLANG_WARN_NON_LITERAL_NULL_CONVERSION = YES;
				CLANG_WARN_OBJC_IMPLICIT_RETAIN_SELF = YES;
				CLANG_WARN_OBJC_LITERAL_CONVERSION = YES;
				CLANG_WARN_OBJC_ROOT_CLASS = YES_ERROR;
				CLANG_WARN_QUOTED_INCLUDE_IN_FRAMEWORK_HEADER = YES;
				CLANG_WARN_RANGE_LOOP_ANALYSIS = YES;
				CLANG_WARN_STRICT_PROTOTYPES = YES;
				CLANG_WARN_SUSPICIOUS_MOVE = YES;
				CLANG_WARN_UNGUARDED_AVAILABILITY = YES_AGGRESSIVE;
				CLANG_WARN_UNREACHABLE_CODE = YES;
				CLANG_WARN__DUPLICATE_METHOD_MATCH = YES;
				COPY_PHASE_STRIP = NO;
				DEBUG_INFORMATION_FORMAT = dwarf;
				ENABLE_STRICT_OBJC_MSGSEND = YES;
				ENABLE_TESTABILITY = YES;
				ENABLE_USER_SCRIPT_SANDBOXING = YES;
				GCC_C_LANGUAGE_STANDARD = gnu17;
				GCC_DYNAMIC_NO_PIC = NO;
				GCC_NO_COMMON_BLOCKS = YES;
				GCC_OPTIMIZATION_LEVEL = 0;
				GCC_PREPROCESSOR_DEFINITIONS = (
					"DEBUG=1",
					"$(inherited)",
				);
				GCC_WARN_64_TO_32_BIT_CONVERSION = YES;
				GCC_WARN_ABOUT_RETURN_TYPE = YES_ERROR;
				GCC_WARN_UNDECLARED_SELECTOR = YES;
				GCC_WARN_UNINITIALIZED_AUTOS = YES_AGGRESSIVE;
				GCC_WARN_UNUSED_FUNCTION = YES;
				GCC_WARN_UNUSED_VARIABLE = YES;
				IPHONEOS_DEPLOYMENT_TARGET = 26.0;
				LOCALIZATION_PREFERS_STRING_CATALOGS = YES;
				MTL_ENABLE_DEBUG_INFO = INCLUDE_SOURCE;
				MTL_FAST_MATH = YES;
				ONLY_ACTIVE_ARCH = YES;
				SDKROOT = iphoneos;
				SWIFT_ACTIVE_COMPILATION_CONDITIONS = "DEBUG $(inherited)";
				SWIFT_OPTIMIZATION_LEVEL = "-Onone";
			};
			name = Debug;
		};
		ACE6D2222EB25270005C56CD /* Release */ = {
			isa = XCBuildConfiguration;
			buildSettings = {
				ALWAYS_SEARCH_USER_PATHS = NO;
				ASSETCATALOG_COMPILER_GENERATE_SWIFT_ASSET_SYMBOL_EXTENSIONS = YES;
				CLANG_ANALYZER_NONNULL = YES;
				CLANG_ANALYZER_NUMBER_OBJECT_CONVERSION = YES_AGGRESSIVE;
				CLANG_CXX_LANGUAGE_STANDARD = "gnu++20";
				CLANG_ENABLE_MODULES = YES;
				CLANG_ENABLE_OBJC_ARC = YES;
				CLANG_ENABLE_OBJC_WEAK = YES;
				CLANG_WARN_BLOCK_CAPTURE_AUTORELEASING = YES;
				CLANG_WARN_BOOL_CONVERSION = YES;
				CLANG_WARN_COMMA = YES;
				CLANG_WARN_CONSTANT_CONVERSION = YES;
				CLANG_WARN_DEPRECATED_OBJC_IMPLEMENTATIONS = YES;
				CLANG_WARN_DIRECT_OBJC_ISA_USAGE = YES_ERROR;
				CLANG_WARN_DOCUMENTATION_COMMENTS = YES;
				CLANG_WARN_EMPTY_BODY = YES;
				CLANG_WARN_ENUM_CONVERSION = YES;
				CLANG_WARN_INFINITE_RECURSION = YES;
				CLANG_WARN_INT_CONVERSION = YES;
				CLANG_WARN_NON_LITERAL_NULL_CONVERSION = YES;
				CLANG_WARN_OBJC_IMPLICIT_RETAIN_SELF = YES;
				CLANG_WARN_OBJC_LITERAL_CONVERSION = YES;
				CLANG_WARN_OBJC_ROOT_CLASS = YES_ERROR;
				CLANG_WARN_QUOTED_INCLUDE_IN_FRAMEWORK_HEADER = YES;
				CLANG_WARN_RANGE_LOOP_ANALYSIS = YES;
				CLANG_WARN_STRICT_PROTOTYPES = YES;
				CLANG_WARN_SUSPICIOUS_MOVE = YES;
				CLANG_WARN_UNGUARDED_AVAILABILITY = YES_AGGRESSIVE;
				CLANG_WARN_UNREACHABLE_CODE = YES;
				CLANG_WARN__DUPLICATE_METHOD_MATCH = YES;
				COPY_PHASE_STRIP = NO;
				DEBUG_INFORMATION_FORMAT = "dwarf-with-dsym";
				ENABLE_NS_ASSERTIONS = NO;
				ENABLE_STRICT_OBJC_MSGSEND = YES;
				ENABLE_USER_SCRIPT_SANDBOXING = YES;
				GCC_C_LANGUAGE_STANDARD = gnu17;
				GCC_NO_COMMON_BLOCKS = YES;
				GCC_WARN_64_TO_32_BIT_CONVERSION = YES;
				GCC_WARN_ABOUT_RETURN_TYPE = YES_ERROR;
				GCC_WARN_UNDECLARED_SELECTOR = YES;
				GCC_WARN_UNINITIALIZED_AUTOS = YES_AGGRESSIVE;
				GCC_WARN_UNUSED_FUNCTION = YES;
				GCC_WARN_UNUSED_VARIABLE = YES;
				IPHONEOS_DEPLOYMENT_TARGET = 26.0;
				LOCALIZATION_PREFERS_STRING_CATALOGS = YES;
				MTL_ENABLE_DEBUG_INFO = NO;
				MTL_FAST_MATH = YES;
				SDKROOT = iphoneos;
				SWIFT_COMPILATION_MODE = wholemodule;
				VALIDATE_PRODUCT = YES;
			};
			name = Release;
		};
		ACE6D2242EB25270005C56CD /* Debug */ = {
			isa = XCBuildConfiguration;
			baseConfigurationReference = 946897E8EDBEA27A08129918 /* Pods-Cooking App.debug.xcconfig */;
			buildSettings = {
				ASSETCATALOG_COMPILER_APPICON_NAME = AppIcon;
				ASSETCATALOG_COMPILER_GLOBAL_ACCENT_COLOR_NAME = AccentColor;
				CODE_SIGN_IDENTITY = "Apple Development";
				CODE_SIGN_STYLE = Automatic;
				CURRENT_PROJECT_VERSION = 1;
				DEVELOPMENT_TEAM = 548LYH8A9C;
				ENABLE_PREVIEWS = YES;
				GENERATE_INFOPLIST_FILE = YES;
				INFOPLIST_KEY_UIApplicationSceneManifest_Generation = YES;
				INFOPLIST_KEY_UIApplicationSupportsIndirectInputEvents = YES;
				INFOPLIST_KEY_UILaunchScreen_Generation = YES;
				INFOPLIST_KEY_UISupportedInterfaceOrientations_iPad = "UIInterfaceOrientationPortrait UIInterfaceOrientationPortraitUpsideDown UIInterfaceOrientationLandscapeLeft UIInterfaceOrientationLandscapeRight";
				INFOPLIST_KEY_UISupportedInterfaceOrientations_iPhone = "UIInterfaceOrientationPortrait UIInterfaceOrientationLandscapeLeft UIInterfaceOrientationLandscapeRight";
				LD_RUNPATH_SEARCH_PATHS = (
					"$(inherited)",
					"@executable_path/Frameworks",
				);
				MARKETING_VERSION = 1.0;
				PRODUCT_BUNDLE_IDENTIFIER = "besmart.Cooking-App";
				PRODUCT_NAME = "$(TARGET_NAME)";
				PROVISIONING_PROFILE_SPECIFIER = "";
				STRING_CATALOG_GENERATE_SYMBOLS = YES;
				SWIFT_APPROACHABLE_CONCURRENCY = YES;
				SWIFT_DEFAULT_ACTOR_ISOLATION = MainActor;
				SWIFT_EMIT_LOC_STRINGS = YES;
				SWIFT_UPCOMING_FEATURE_MEMBER_IMPORT_VISIBILITY = YES;
				SWIFT_VERSION = 6.0;
				TARGETED_DEVICE_FAMILY = "1,2";
			};
			name = Debug;
		};
		ACE6D2252EB25270005C56CD /* Release */ = {
			isa = XCBuildConfiguration;
			baseConfigurationReference = B1C0D31CB86F1DDBB6E4255A /* Pods-Cooking App.release.xcconfig */;
			buildSettings = {
				ASSETCATALOG_COMPILER_APPICON_NAME = AppIcon;
				ASSETCATALOG_COMPILER_GLOBAL_ACCENT_COLOR_NAME = AccentColor;
				CODE_SIGN_IDENTITY = "Apple Development";
				CODE_SIGN_STYLE = Automatic;
				CURRENT_PROJECT_VERSION = 1;
				DEVELOPMENT_TEAM = 548LYH8A9C;
				ENABLE_PREVIEWS = YES;
				GENERATE_INFOPLIST_FILE = YES;
				INFOPLIST_KEY_UIApplicationSceneManifest_Generation = YES;
				INFOPLIST_KEY_UIApplicationSupportsIndirectInputEvents = YES;
				INFOPLIST_KEY_UILaunchScreen_Generation = YES;
				INFOPLIST_KEY_UISupportedInterfaceOrientations_iPad = "UIInterfaceOrientationPortrait UIInterfaceOrientationPortraitUpsideDown UIInterfaceOrientationLandscapeLeft UIInterfaceOrientationLandscapeRight";
				INFOPLIST_KEY_UISupportedInterfaceOrientations_iPhone = "UIInterfaceOrientationPortrait UIInterfaceOrientationLandscapeLeft UIInterfaceOrientationLandscapeRight";
				LD_RUNPATH_SEARCH_PATHS = (
					"$(inherited)",
					"@executable_path/Frameworks",
				);
				MARKETING_VERSION = 1.0;
				PRODUCT_BUNDLE_IDENTIFIER = "besmart.Cooking-App";
				PRODUCT_NAME = "$(TARGET_NAME)";
				PROVISIONING_PROFILE_SPECIFIER = "";
				STRING_CATALOG_GENERATE_SYMBOLS = YES;
				SWIFT_APPROACHABLE_CONCURRENCY = YES;
				SWIFT_DEFAULT_ACTOR_ISOLATION = MainActor;
				SWIFT_EMIT_LOC_STRINGS = YES;
				SWIFT_UPCOMING_FEATURE_MEMBER_IMPORT_VISIBILITY = YES;
				SWIFT_VERSION = 6.0;
				TARGETED_DEVICE_FAMILY = "1,2";
			};
			name = Release;
		};
		ACE6D2532EB29965005C56CD /* Debug */ = {
			isa = XCBuildConfiguration;
			buildSettings = {
				"CODE_SIGN_IDENTITY[sdk=macosx*]" = "Apple Development";
				CODE_SIGN_STYLE = Automatic;
				CURRENT_PROJECT_VERSION = 1;
				DEVELOPMENT_TEAM = 548LYH8A9C;
				GENERATE_INFOPLIST_FILE = YES;
				MARKETING_VERSION = 1.0;
				PRODUCT_BUNDLE_IDENTIFIER = "besmart.Cooking-AppUITests";
				PRODUCT_NAME = "$(TARGET_NAME)";
				STRING_CATALOG_GENERATE_SYMBOLS = NO;
				SWIFT_APPROACHABLE_CONCURRENCY = YES;
				SWIFT_EMIT_LOC_STRINGS = NO;
				SWIFT_UPCOMING_FEATURE_MEMBER_IMPORT_VISIBILITY = YES;
				SWIFT_VERSION = 6.0;
				TARGETED_DEVICE_FAMILY = "1,2";
				TEST_TARGET_NAME = "Cooking App";
			};
			name = Debug;
		};
		ACE6D2542EB29965005C56CD /* Release */ = {
			isa = XCBuildConfiguration;
			buildSettings = {
				"CODE_SIGN_IDENTITY[sdk=macosx*]" = "Apple Development";
				CODE_SIGN_STYLE = Automatic;
				CURRENT_PROJECT_VERSION = 1;
				DEVELOPMENT_TEAM = 548LYH8A9C;
				GENERATE_INFOPLIST_FILE = YES;
				MARKETING_VERSION = 1.0;
				PRODUCT_BUNDLE_IDENTIFIER = "besmart.Cooking-AppUITests";
				PRODUCT_NAME = "$(TARGET_NAME)";
				STRING_CATALOG_GENERATE_SYMBOLS = NO;
				SWIFT_APPROACHABLE_CONCURRENCY = YES;
				SWIFT_EMIT_LOC_STRINGS = NO;
				SWIFT_UPCOMING_FEATURE_MEMBER_IMPORT_VISIBILITY = YES;
				SWIFT_VERSION = 6.0;
				TARGETED_DEVICE_FAMILY = "1,2";
				TEST_TARGET_NAME = "Cooking App";
			};
			name = Release;
		};
		ACE6D2602EB299FA005C56CD /* Debug */ = {
			isa = XCBuildConfiguration;
			buildSettings = {
				BUNDLE_LOADER = "$(TEST_HOST)";
				CODE_SIGN_STYLE = Automatic;
				CURRENT_PROJECT_VERSION = 1;
				DEVELOPMENT_TEAM = 548LYH8A9C;
				GENERATE_INFOPLIST_FILE = YES;
				MARKETING_VERSION = 1.0;
				PRODUCT_BUNDLE_IDENTIFIER = "besmart.Cooking-App-Tests";
				PRODUCT_NAME = "$(TARGET_NAME)";
				STRING_CATALOG_GENERATE_SYMBOLS = NO;
				SWIFT_APPROACHABLE_CONCURRENCY = YES;
				SWIFT_EMIT_LOC_STRINGS = NO;
				SWIFT_UPCOMING_FEATURE_MEMBER_IMPORT_VISIBILITY = YES;
				SWIFT_VERSION = 6.0;
				TARGETED_DEVICE_FAMILY = "1,2";
				TEST_HOST = "$(BUILT_PRODUCTS_DIR)/Cooking App.app/$(BUNDLE_EXECUTABLE_FOLDER_PATH)/Cooking App";
			};
			name = Debug;
		};
		ACE6D2612EB299FA005C56CD /* Release */ = {
			isa = XCBuildConfiguration;
			buildSettings = {
				BUNDLE_LOADER = "$(TEST_HOST)";
				CODE_SIGN_STYLE = Automatic;
				CURRENT_PROJECT_VERSION = 1;
				DEVELOPMENT_TEAM = 548LYH8A9C;
				GENERATE_INFOPLIST_FILE = YES;
				MARKETING_VERSION = 1.0;
				PRODUCT_BUNDLE_IDENTIFIER = "besmart.Cooking-App-Tests";
				PRODUCT_NAME = "$(TARGET_NAME)";
				STRING_CATALOG_GENERATE_SYMBOLS = NO;
				SWIFT_APPROACHABLE_CONCURRENCY = YES;
				SWIFT_EMIT_LOC_STRINGS = NO;
				SWIFT_UPCOMING_FEATURE_MEMBER_IMPORT_VISIBILITY = YES;
				SWIFT_VERSION = 6.0;
				TARGETED_DEVICE_FAMILY = "1,2";
				TEST_HOST = "$(BUILT_PRODUCTS_DIR)/Cooking App.app/$(BUNDLE_EXECUTABLE_FOLDER_PATH)/Cooking App";
			};
			name = Release;
		};
/* End XCBuildConfiguration section */

/* Begin XCConfigurationList section */
		ACE6D2132EB2526E005C56CD /* Build configuration list for PBXProject "Cooking App" */ = {
			isa = XCConfigurationList;
			buildConfigurations = (
				ACE6D2212EB25270005C56CD /* Debug */,
				ACE6D2222EB25270005C56CD /* Release */,
			);
			defaultConfigurationIsVisible = 0;
			defaultConfigurationName = Release;
		};
		ACE6D2232EB25270005C56CD /* Build configuration list for PBXNativeTarget "Cooking App" */ = {
			isa = XCConfigurationList;
			buildConfigurations = (
				ACE6D2242EB25270005C56CD /* Debug */,
				ACE6D2252EB25270005C56CD /* Release */,
			);
			defaultConfigurationIsVisible = 0;
			defaultConfigurationName = Release;
		};
		ACE6D2522EB29965005C56CD /* Build configuration list for PBXNativeTarget "Cooking AppUITests" */ = {
			isa = XCConfigurationList;
			buildConfigurations = (
				ACE6D2532EB29965005C56CD /* Debug */,
				ACE6D2542EB29965005C56CD /* Release */,
			);
			defaultConfigurationIsVisible = 0;
			defaultConfigurationName = Release;
		};
		ACE6D25F2EB299FA005C56CD /* Build configuration list for PBXNativeTarget "Cooking App Tests" */ = {
			isa = XCConfigurationList;
			buildConfigurations = (
				ACE6D2602EB299FA005C56CD /* Debug */,
				ACE6D2612EB299FA005C56CD /* Release */,
			);
			defaultConfigurationIsVisible = 0;
			defaultConfigurationName = Release;
		};
/* End XCConfigurationList section */
	};
	rootObject = ACE6D2102EB2526E005C56CD /* Project object */;
}
